
Microsoft Visual Studio Solution File, Format Version 12.00
# Visual Studio 14
VisualStudioVersion = 14.0.25420.1
MinimumVisualStudioVersion = 10.0.40219.1
Project("{FAE04EC0-301F-11D3-BF4B-00C04F79EFBC}") = "NetRadio.G31Ddc", "NetRadio.G31Ddc\NetRadio.G31Ddc.csproj", "{A5E783D5-484F-4015-9AC3-41FC9DD4E60B}"
EndProject
Project("{2150E333-8FDC-42A3-9474-1A3956D46DE8}") = "Wrapper", "Wrapper", "{3887508C-B3BB-42AA-B764-F418E6724248}"
EndProject
Project("{FAE04EC0-301F-11D3-BF4B-00C04F79EFBC}") = "Wrapper", "Wrapper\Wrapper.csproj", "{99269364-B62A-439E-BCB5-4DEAB7CA5FF3}"
EndProject
Project("{FAE04EC0-301F-11D3-BF4B-00C04F79EFBC}") = "NetRadio.Devices.G33Ddc", "NetRadio.Devices.G33Ddc\NetRadio.Devices.G33Ddc.csproj", "{54AF2D2C-6089-4B89-B48B-24A38012AC4F}"
EndProject
Project("{FAE04EC0-301F-11D3-BF4B-00C04F79EFBC}") = "NetRadio.G31Ddc.Audio", "NetRadio.G31Ddc.Audio\NetRadio.G31Ddc.Audio.csproj", "{CCAAB1CC-2BC8-410F-A759-DF7F74E8714D}"
EndProject
Project("{FAE04EC0-301F-11D3-BF4B-00C04F79EFBC}") = "WpfControlLibrary", "WpfControlLibrary\WpfControlLibrary.csproj", "{4EEF7329-8CC5-4609-A3B2-A2C3E8E2051B}"
EndProject
Project("{FAE04EC0-301F-11D3-BF4B-00C04F79EFBC}") = "WpfControlTest", "WpfControlTest\WpfControlTest.csproj", "{8975DF1D-A54B-4334-B0FE-BC339B886BEE}"
EndProject
Project("{2150E333-8FDC-42A3-9474-1A3956D46DE8}") = ".nuget", ".nuget", "{3071ABE2-8BFA-4281-AD08-A1263561A6B9}"
	ProjectSection(SolutionItems) = preProject
		.nuget\NuGet.Config = .nuget\NuGet.Config
		.nuget\NuGet.exe = .nuget\NuGet.exe
		.nuget\NuGet.targets = .nuget\NuGet.targets
	EndProjectSection
EndProject
Project("{FAE04EC0-301F-11D3-BF4B-00C04F79EFBC}") = "NetRadio.Devices.G313", "NetRadio.Devices.G313\NetRadio.Devices.G313.csproj", "{72B2E47D-FAC7-4523-B329-72A047D9D9BC}"
EndProject
Project("{FAE04EC0-301F-11D3-BF4B-00C04F79EFBC}") = "NetRadio.Signal", "NetRadio.Signal\NetRadio.Signal.csproj", "{04FD2D10-326A-49A9-B87D-343FAC7FBF4D}"
EndProject
Project("{FAE04EC0-301F-11D3-BF4B-00C04F79EFBC}") = "NetRadio.G313", "NetRadio.G313\NetRadio.G313.csproj", "{0D640948-F11B-4339-944D-47F018035920}"
EndProject
Project("{FAE04EC0-301F-11D3-BF4B-00C04F79EFBC}") = "NetRadio.Devices", "NetRadio.Devices\NetRadio.Devices.csproj", "{14FD2CA3-1E0B-4A73-B5DA-037679D11D22}"
EndProject
Project("{FAE04EC0-301F-11D3-BF4B-00C04F79EFBC}") = "NetRadio.G313.Sample", "NetRadio.G313.Sample\NetRadio.G313.Sample.csproj", "{13481931-02F5-4A64-AE35-08DF165265EF}"
EndProject
Project("{FAE04EC0-301F-11D3-BF4B-00C04F79EFBC}") = "FFTWSharp", "FFTWSharp\FFTWSharp.csproj", "{BEA875B8-E28A-49C5-8E7E-6512DA65F7E1}"
EndProject
Project("{FAE04EC0-301F-11D3-BF4B-00C04F79EFBC}") = "NetRadio.Devices.G3XDdc", "NetRadio.Devices.G31Ddc\NetRadio.Devices.G3XDdc.csproj", "{A9FC209C-C729-4339-B6AE-29E6A79A466D}"
EndProject
Global
	GlobalSection(SolutionConfigurationPlatforms) = preSolution
		CD_ROM|Any CPU = CD_ROM|Any CPU
		CD_ROM|Mixed Platforms = CD_ROM|Mixed Platforms
		CD_ROM|Win32 = CD_ROM|Win32
		CD_ROM|x64 = CD_ROM|x64
		CD_ROM|x86 = CD_ROM|x86
		Debug|Any CPU = Debug|Any CPU
		Debug|Mixed Platforms = Debug|Mixed Platforms
		Debug|Win32 = Debug|Win32
		Debug|x64 = Debug|x64
		Debug|x86 = Debug|x86
		DVD-5|Any CPU = DVD-5|Any CPU
		DVD-5|Mixed Platforms = DVD-5|Mixed Platforms
		DVD-5|Win32 = DVD-5|Win32
		DVD-5|x64 = DVD-5|x64
		DVD-5|x86 = DVD-5|x86
		Release|Any CPU = Release|Any CPU
		Release|Mixed Platforms = Release|Mixed Platforms
		Release|Win32 = Release|Win32
		Release|x64 = Release|x64
		Release|x86 = Release|x86
		SingleImage|Any CPU = SingleImage|Any CPU
		SingleImage|Mixed Platforms = SingleImage|Mixed Platforms
		SingleImage|Win32 = SingleImage|Win32
		SingleImage|x64 = SingleImage|x64
		SingleImage|x86 = SingleImage|x86
	EndGlobalSection
	GlobalSection(ProjectConfigurationPlatforms) = postSolution
		{A5E783D5-484F-4015-9AC3-41FC9DD4E60B}.CD_ROM|Any CPU.ActiveCfg = Release|Any CPU
		{A5E783D5-484F-4015-9AC3-41FC9DD4E60B}.CD_ROM|Any CPU.Build.0 = Release|Any CPU
		{A5E783D5-484F-4015-9AC3-41FC9DD4E60B}.CD_ROM|Mixed Platforms.ActiveCfg = Release|Any CPU
		{A5E783D5-484F-4015-9AC3-41FC9DD4E60B}.CD_ROM|Mixed Platforms.Build.0 = Release|Any CPU
		{A5E783D5-484F-4015-9AC3-41FC9DD4E60B}.CD_ROM|Win32.ActiveCfg = Debug|Any CPU
		{A5E783D5-484F-4015-9AC3-41FC9DD4E60B}.CD_ROM|x64.ActiveCfg = Debug|Any CPU
		{A5E783D5-484F-4015-9AC3-41FC9DD4E60B}.CD_ROM|x86.ActiveCfg = Release|Any CPU
		{A5E783D5-484F-4015-9AC3-41FC9DD4E60B}.Debug|Any CPU.ActiveCfg = Debug|Any CPU
		{A5E783D5-484F-4015-9AC3-41FC9DD4E60B}.Debug|Any CPU.Build.0 = Debug|Any CPU
		{A5E783D5-484F-4015-9AC3-41FC9DD4E60B}.Debug|Mixed Platforms.ActiveCfg = Debug|Any CPU
		{A5E783D5-484F-4015-9AC3-41FC9DD4E60B}.Debug|Mixed Platforms.Build.0 = Debug|Any CPU
		{A5E783D5-484F-4015-9AC3-41FC9DD4E60B}.Debug|Win32.ActiveCfg = Debug|Any CPU
		{A5E783D5-484F-4015-9AC3-41FC9DD4E60B}.Debug|x64.ActiveCfg = Debug|Any CPU
		{A5E783D5-484F-4015-9AC3-41FC9DD4E60B}.Debug|x86.ActiveCfg = Debug|Any CPU
		{A5E783D5-484F-4015-9AC3-41FC9DD4E60B}.DVD-5|Any CPU.ActiveCfg = Debug|Any CPU
		{A5E783D5-484F-4015-9AC3-41FC9DD4E60B}.DVD-5|Any CPU.Build.0 = Debug|Any CPU
		{A5E783D5-484F-4015-9AC3-41FC9DD4E60B}.DVD-5|Mixed Platforms.ActiveCfg = Debug|Any CPU
		{A5E783D5-484F-4015-9AC3-41FC9DD4E60B}.DVD-5|Mixed Platforms.Build.0 = Debug|Any CPU
		{A5E783D5-484F-4015-9AC3-41FC9DD4E60B}.DVD-5|Win32.ActiveCfg = Debug|Any CPU
		{A5E783D5-484F-4015-9AC3-41FC9DD4E60B}.DVD-5|x64.ActiveCfg = Debug|Any CPU
		{A5E783D5-484F-4015-9AC3-41FC9DD4E60B}.DVD-5|x86.ActiveCfg = Debug|Any CPU
		{A5E783D5-484F-4015-9AC3-41FC9DD4E60B}.Release|Any CPU.ActiveCfg = Release|Any CPU
		{A5E783D5-484F-4015-9AC3-41FC9DD4E60B}.Release|Any CPU.Build.0 = Release|Any CPU
		{A5E783D5-484F-4015-9AC3-41FC9DD4E60B}.Release|Mixed Platforms.ActiveCfg = Release|Any CPU
		{A5E783D5-484F-4015-9AC3-41FC9DD4E60B}.Release|Mixed Platforms.Build.0 = Release|Any CPU
		{A5E783D5-484F-4015-9AC3-41FC9DD4E60B}.Release|Win32.ActiveCfg = Release|Any CPU
		{A5E783D5-484F-4015-9AC3-41FC9DD4E60B}.Release|x64.ActiveCfg = Release|Any CPU
		{A5E783D5-484F-4015-9AC3-41FC9DD4E60B}.Release|x86.ActiveCfg = Release|Any CPU
		{A5E783D5-484F-4015-9AC3-41FC9DD4E60B}.SingleImage|Any CPU.ActiveCfg = Release|Any CPU
		{A5E783D5-484F-4015-9AC3-41FC9DD4E60B}.SingleImage|Any CPU.Build.0 = Release|Any CPU
		{A5E783D5-484F-4015-9AC3-41FC9DD4E60B}.SingleImage|Mixed Platforms.ActiveCfg = Release|Any CPU
		{A5E783D5-484F-4015-9AC3-41FC9DD4E60B}.SingleImage|Mixed Platforms.Build.0 = Release|Any CPU
		{A5E783D5-484F-4015-9AC3-41FC9DD4E60B}.SingleImage|Win32.ActiveCfg = Debug|Any CPU
		{A5E783D5-484F-4015-9AC3-41FC9DD4E60B}.SingleImage|x64.ActiveCfg = Debug|Any CPU
		{A5E783D5-484F-4015-9AC3-41FC9DD4E60B}.SingleImage|x86.ActiveCfg = Release|Any CPU
		{99269364-B62A-439E-BCB5-4DEAB7CA5FF3}.CD_ROM|Any CPU.ActiveCfg = Release|Any CPU
		{99269364-B62A-439E-BCB5-4DEAB7CA5FF3}.CD_ROM|Any CPU.Build.0 = Release|Any CPU
		{99269364-B62A-439E-BCB5-4DEAB7CA5FF3}.CD_ROM|Mixed Platforms.ActiveCfg = Release|Any CPU
		{99269364-B62A-439E-BCB5-4DEAB7CA5FF3}.CD_ROM|Mixed Platforms.Build.0 = Release|Any CPU
		{99269364-B62A-439E-BCB5-4DEAB7CA5FF3}.CD_ROM|Win32.ActiveCfg = Release|Any CPU
		{99269364-B62A-439E-BCB5-4DEAB7CA5FF3}.CD_ROM|x64.ActiveCfg = Debug|Any CPU
		{99269364-B62A-439E-BCB5-4DEAB7CA5FF3}.CD_ROM|x86.ActiveCfg = Release|Any CPU
		{99269364-B62A-439E-BCB5-4DEAB7CA5FF3}.Debug|Any CPU.ActiveCfg = Debug|Any CPU
		{99269364-B62A-439E-BCB5-4DEAB7CA5FF3}.Debug|Any CPU.Build.0 = Debug|Any CPU
		{99269364-B62A-439E-BCB5-4DEAB7CA5FF3}.Debug|Mixed Platforms.ActiveCfg = Debug|Any CPU
		{99269364-B62A-439E-BCB5-4DEAB7CA5FF3}.Debug|Mixed Platforms.Build.0 = Debug|Any CPU
		{99269364-B62A-439E-BCB5-4DEAB7CA5FF3}.Debug|Win32.ActiveCfg = Debug|Any CPU
		{99269364-B62A-439E-BCB5-4DEAB7CA5FF3}.Debug|x64.ActiveCfg = Debug|Any CPU
		{99269364-B62A-439E-BCB5-4DEAB7CA5FF3}.Debug|x86.ActiveCfg = Debug|Any CPU
		{99269364-B62A-439E-BCB5-4DEAB7CA5FF3}.DVD-5|Any CPU.ActiveCfg = Debug|Any CPU
		{99269364-B62A-439E-BCB5-4DEAB7CA5FF3}.DVD-5|Any CPU.Build.0 = Debug|Any CPU
		{99269364-B62A-439E-BCB5-4DEAB7CA5FF3}.DVD-5|Mixed Platforms.ActiveCfg = Debug|Any CPU
		{99269364-B62A-439E-BCB5-4DEAB7CA5FF3}.DVD-5|Mixed Platforms.Build.0 = Debug|Any CPU
		{99269364-B62A-439E-BCB5-4DEAB7CA5FF3}.DVD-5|Win32.ActiveCfg = Debug|Any CPU
		{99269364-B62A-439E-BCB5-4DEAB7CA5FF3}.DVD-5|x64.ActiveCfg = Debug|Any CPU
		{99269364-B62A-439E-BCB5-4DEAB7CA5FF3}.DVD-5|x86.ActiveCfg = Debug|Any CPU
		{99269364-B62A-439E-BCB5-4DEAB7CA5FF3}.Release|Any CPU.ActiveCfg = Release|Any CPU
		{99269364-B62A-439E-BCB5-4DEAB7CA5FF3}.Release|Any CPU.Build.0 = Release|Any CPU
		{99269364-B62A-439E-BCB5-4DEAB7CA5FF3}.Release|Mixed Platforms.ActiveCfg = Release|Any CPU
		{99269364-B62A-439E-BCB5-4DEAB7CA5FF3}.Release|Mixed Platforms.Build.0 = Release|Any CPU
		{99269364-B62A-439E-BCB5-4DEAB7CA5FF3}.Release|Win32.ActiveCfg = Release|Any CPU
		{99269364-B62A-439E-BCB5-4DEAB7CA5FF3}.Release|x64.ActiveCfg = Release|Any CPU
		{99269364-B62A-439E-BCB5-4DEAB7CA5FF3}.Release|x86.ActiveCfg = Release|Any CPU
		{99269364-B62A-439E-BCB5-4DEAB7CA5FF3}.SingleImage|Any CPU.ActiveCfg = Release|Any CPU
		{99269364-B62A-439E-BCB5-4DEAB7CA5FF3}.SingleImage|Any CPU.Build.0 = Release|Any CPU
		{99269364-B62A-439E-BCB5-4DEAB7CA5FF3}.SingleImage|Mixed Platforms.ActiveCfg = Release|Any CPU
		{99269364-B62A-439E-BCB5-4DEAB7CA5FF3}.SingleImage|Mixed Platforms.Build.0 = Release|Any CPU
		{99269364-B62A-439E-BCB5-4DEAB7CA5FF3}.SingleImage|Win32.ActiveCfg = Release|Any CPU
		{99269364-B62A-439E-BCB5-4DEAB7CA5FF3}.SingleImage|x64.ActiveCfg = Debug|Any CPU
		{99269364-B62A-439E-BCB5-4DEAB7CA5FF3}.SingleImage|x86.ActiveCfg = Release|Any CPU
		{54AF2D2C-6089-4B89-B48B-24A38012AC4F}.CD_ROM|Any CPU.ActiveCfg = Release|Any CPU
		{54AF2D2C-6089-4B89-B48B-24A38012AC4F}.CD_ROM|Any CPU.Build.0 = Release|Any CPU
		{54AF2D2C-6089-4B89-B48B-24A38012AC4F}.CD_ROM|Mixed Platforms.ActiveCfg = Release|Any CPU
		{54AF2D2C-6089-4B89-B48B-24A38012AC4F}.CD_ROM|Mixed Platforms.Build.0 = Release|Any CPU
		{54AF2D2C-6089-4B89-B48B-24A38012AC4F}.CD_ROM|Win32.ActiveCfg = Release|Any CPU
		{54AF2D2C-6089-4B89-B48B-24A38012AC4F}.CD_ROM|x64.ActiveCfg = Release|Any CPU
		{54AF2D2C-6089-4B89-B48B-24A38012AC4F}.CD_ROM|x86.ActiveCfg = Release|Any CPU
		{54AF2D2C-6089-4B89-B48B-24A38012AC4F}.Debug|Any CPU.ActiveCfg = Debug|Any CPU
		{54AF2D2C-6089-4B89-B48B-24A38012AC4F}.Debug|Any CPU.Build.0 = Debug|Any CPU
		{54AF2D2C-6089-4B89-B48B-24A38012AC4F}.Debug|Mixed Platforms.ActiveCfg = Debug|Any CPU
		{54AF2D2C-6089-4B89-B48B-24A38012AC4F}.Debug|Mixed Platforms.Build.0 = Debug|Any CPU
		{54AF2D2C-6089-4B89-B48B-24A38012AC4F}.Debug|Win32.ActiveCfg = Debug|Any CPU
		{54AF2D2C-6089-4B89-B48B-24A38012AC4F}.Debug|x64.ActiveCfg = Debug|Any CPU
		{54AF2D2C-6089-4B89-B48B-24A38012AC4F}.Debug|x86.ActiveCfg = Debug|Any CPU
		{54AF2D2C-6089-4B89-B48B-24A38012AC4F}.DVD-5|Any CPU.ActiveCfg = Debug|Any CPU
		{54AF2D2C-6089-4B89-B48B-24A38012AC4F}.DVD-5|Any CPU.Build.0 = Debug|Any CPU
		{54AF2D2C-6089-4B89-B48B-24A38012AC4F}.DVD-5|Mixed Platforms.ActiveCfg = Debug|Any CPU
		{54AF2D2C-6089-4B89-B48B-24A38012AC4F}.DVD-5|Mixed Platforms.Build.0 = Debug|Any CPU
		{54AF2D2C-6089-4B89-B48B-24A38012AC4F}.DVD-5|Win32.ActiveCfg = Debug|Any CPU
		{54AF2D2C-6089-4B89-B48B-24A38012AC4F}.DVD-5|x64.ActiveCfg = Debug|Any CPU
		{54AF2D2C-6089-4B89-B48B-24A38012AC4F}.DVD-5|x86.ActiveCfg = Debug|Any CPU
		{54AF2D2C-6089-4B89-B48B-24A38012AC4F}.Release|Any CPU.ActiveCfg = Release|Any CPU
		{54AF2D2C-6089-4B89-B48B-24A38012AC4F}.Release|Any CPU.Build.0 = Release|Any CPU
		{54AF2D2C-6089-4B89-B48B-24A38012AC4F}.Release|Mixed Platforms.ActiveCfg = Release|Any CPU
		{54AF2D2C-6089-4B89-B48B-24A38012AC4F}.Release|Mixed Platforms.Build.0 = Release|Any CPU
		{54AF2D2C-6089-4B89-B48B-24A38012AC4F}.Release|Win32.ActiveCfg = Release|Any CPU
		{54AF2D2C-6089-4B89-B48B-24A38012AC4F}.Release|x64.ActiveCfg = Release|Any CPU
		{54AF2D2C-6089-4B89-B48B-24A38012AC4F}.Release|x86.ActiveCfg = Release|Any CPU
		{54AF2D2C-6089-4B89-B48B-24A38012AC4F}.SingleImage|Any CPU.ActiveCfg = Release|Any CPU
		{54AF2D2C-6089-4B89-B48B-24A38012AC4F}.SingleImage|Any CPU.Build.0 = Release|Any CPU
		{54AF2D2C-6089-4B89-B48B-24A38012AC4F}.SingleImage|Mixed Platforms.ActiveCfg = Release|Any CPU
		{54AF2D2C-6089-4B89-B48B-24A38012AC4F}.SingleImage|Mixed Platforms.Build.0 = Release|Any CPU
		{54AF2D2C-6089-4B89-B48B-24A38012AC4F}.SingleImage|Win32.ActiveCfg = Release|Any CPU
		{54AF2D2C-6089-4B89-B48B-24A38012AC4F}.SingleImage|x64.ActiveCfg = Release|Any CPU
		{54AF2D2C-6089-4B89-B48B-24A38012AC4F}.SingleImage|x86.ActiveCfg = Release|Any CPU
		{CCAAB1CC-2BC8-410F-A759-DF7F74E8714D}.CD_ROM|Any CPU.ActiveCfg = Release|Any CPU
		{CCAAB1CC-2BC8-410F-A759-DF7F74E8714D}.CD_ROM|Any CPU.Build.0 = Release|Any CPU
		{CCAAB1CC-2BC8-410F-A759-DF7F74E8714D}.CD_ROM|Mixed Platforms.ActiveCfg = Release|Any CPU
		{CCAAB1CC-2BC8-410F-A759-DF7F74E8714D}.CD_ROM|Mixed Platforms.Build.0 = Release|Any CPU
		{CCAAB1CC-2BC8-410F-A759-DF7F74E8714D}.CD_ROM|Win32.ActiveCfg = Release|Any CPU
		{CCAAB1CC-2BC8-410F-A759-DF7F74E8714D}.CD_ROM|x64.ActiveCfg = Release|Any CPU
		{CCAAB1CC-2BC8-410F-A759-DF7F74E8714D}.CD_ROM|x86.ActiveCfg = Release|Any CPU
		{CCAAB1CC-2BC8-410F-A759-DF7F74E8714D}.Debug|Any CPU.ActiveCfg = Debug|Any CPU
		{CCAAB1CC-2BC8-410F-A759-DF7F74E8714D}.Debug|Any CPU.Build.0 = Debug|Any CPU
		{CCAAB1CC-2BC8-410F-A759-DF7F74E8714D}.Debug|Mixed Platforms.ActiveCfg = Debug|Any CPU
		{CCAAB1CC-2BC8-410F-A759-DF7F74E8714D}.Debug|Mixed Platforms.Build.0 = Debug|Any CPU
		{CCAAB1CC-2BC8-410F-A759-DF7F74E8714D}.Debug|Win32.ActiveCfg = Debug|Any CPU
		{CCAAB1CC-2BC8-410F-A759-DF7F74E8714D}.Debug|x64.ActiveCfg = Debug|Any CPU
		{CCAAB1CC-2BC8-410F-A759-DF7F74E8714D}.Debug|x86.ActiveCfg = Debug|Any CPU
		{CCAAB1CC-2BC8-410F-A759-DF7F74E8714D}.DVD-5|Any CPU.ActiveCfg = Debug|Any CPU
		{CCAAB1CC-2BC8-410F-A759-DF7F74E8714D}.DVD-5|Any CPU.Build.0 = Debug|Any CPU
		{CCAAB1CC-2BC8-410F-A759-DF7F74E8714D}.DVD-5|Mixed Platforms.ActiveCfg = Debug|Any CPU
		{CCAAB1CC-2BC8-410F-A759-DF7F74E8714D}.DVD-5|Mixed Platforms.Build.0 = Debug|Any CPU
		{CCAAB1CC-2BC8-410F-A759-DF7F74E8714D}.DVD-5|Win32.ActiveCfg = Debug|Any CPU
		{CCAAB1CC-2BC8-410F-A759-DF7F74E8714D}.DVD-5|x64.ActiveCfg = Debug|Any CPU
		{CCAAB1CC-2BC8-410F-A759-DF7F74E8714D}.DVD-5|x86.ActiveCfg = Debug|Any CPU
		{CCAAB1CC-2BC8-410F-A759-DF7F74E8714D}.Release|Any CPU.ActiveCfg = Release|Any CPU
		{CCAAB1CC-2BC8-410F-A759-DF7F74E8714D}.Release|Any CPU.Build.0 = Release|Any CPU
		{CCAAB1CC-2BC8-410F-A759-DF7F74E8714D}.Release|Mixed Platforms.ActiveCfg = Release|Any CPU
		{CCAAB1CC-2BC8-410F-A759-DF7F74E8714D}.Release|Mixed Platforms.Build.0 = Release|Any CPU
		{CCAAB1CC-2BC8-410F-A759-DF7F74E8714D}.Release|Win32.ActiveCfg = Release|Any CPU
		{CCAAB1CC-2BC8-410F-A759-DF7F74E8714D}.Release|x64.ActiveCfg = Release|Any CPU
		{CCAAB1CC-2BC8-410F-A759-DF7F74E8714D}.Release|x86.ActiveCfg = Release|Any CPU
		{CCAAB1CC-2BC8-410F-A759-DF7F74E8714D}.SingleImage|Any CPU.ActiveCfg = Release|Any CPU
		{CCAAB1CC-2BC8-410F-A759-DF7F74E8714D}.SingleImage|Any CPU.Build.0 = Release|Any CPU
		{CCAAB1CC-2BC8-410F-A759-DF7F74E8714D}.SingleImage|Mixed Platforms.ActiveCfg = Release|Any CPU
		{CCAAB1CC-2BC8-410F-A759-DF7F74E8714D}.SingleImage|Mixed Platforms.Build.0 = Release|Any CPU
		{CCAAB1CC-2BC8-410F-A759-DF7F74E8714D}.SingleImage|Win32.ActiveCfg = Release|Any CPU
		{CCAAB1CC-2BC8-410F-A759-DF7F74E8714D}.SingleImage|x64.ActiveCfg = Release|Any CPU
		{CCAAB1CC-2BC8-410F-A759-DF7F74E8714D}.SingleImage|x86.ActiveCfg = Release|Any CPU
		{4EEF7329-8CC5-4609-A3B2-A2C3E8E2051B}.CD_ROM|Any CPU.ActiveCfg = Release|Any CPU
		{4EEF7329-8CC5-4609-A3B2-A2C3E8E2051B}.CD_ROM|Any CPU.Build.0 = Release|Any CPU
		{4EEF7329-8CC5-4609-A3B2-A2C3E8E2051B}.CD_ROM|Mixed Platforms.ActiveCfg = Release|Any CPU
		{4EEF7329-8CC5-4609-A3B2-A2C3E8E2051B}.CD_ROM|Mixed Platforms.Build.0 = Release|Any CPU
		{4EEF7329-8CC5-4609-A3B2-A2C3E8E2051B}.CD_ROM|Win32.ActiveCfg = Release|Any CPU
		{4EEF7329-8CC5-4609-A3B2-A2C3E8E2051B}.CD_ROM|x64.ActiveCfg = Release|Any CPU
		{4EEF7329-8CC5-4609-A3B2-A2C3E8E2051B}.CD_ROM|x86.ActiveCfg = Release|Any CPU
		{4EEF7329-8CC5-4609-A3B2-A2C3E8E2051B}.Debug|Any CPU.ActiveCfg = Debug|Any CPU
		{4EEF7329-8CC5-4609-A3B2-A2C3E8E2051B}.Debug|Any CPU.Build.0 = Debug|Any CPU
		{4EEF7329-8CC5-4609-A3B2-A2C3E8E2051B}.Debug|Mixed Platforms.ActiveCfg = Debug|Any CPU
		{4EEF7329-8CC5-4609-A3B2-A2C3E8E2051B}.Debug|Mixed Platforms.Build.0 = Debug|Any CPU
		{4EEF7329-8CC5-4609-A3B2-A2C3E8E2051B}.Debug|Win32.ActiveCfg = Debug|Any CPU
		{4EEF7329-8CC5-4609-A3B2-A2C3E8E2051B}.Debug|x64.ActiveCfg = Debug|Any CPU
		{4EEF7329-8CC5-4609-A3B2-A2C3E8E2051B}.Debug|x86.ActiveCfg = Debug|Any CPU
		{4EEF7329-8CC5-4609-A3B2-A2C3E8E2051B}.DVD-5|Any CPU.ActiveCfg = Debug|Any CPU
		{4EEF7329-8CC5-4609-A3B2-A2C3E8E2051B}.DVD-5|Any CPU.Build.0 = Debug|Any CPU
		{4EEF7329-8CC5-4609-A3B2-A2C3E8E2051B}.DVD-5|Mixed Platforms.ActiveCfg = Debug|Any CPU
		{4EEF7329-8CC5-4609-A3B2-A2C3E8E2051B}.DVD-5|Mixed Platforms.Build.0 = Debug|Any CPU
		{4EEF7329-8CC5-4609-A3B2-A2C3E8E2051B}.DVD-5|Win32.ActiveCfg = Debug|Any CPU
		{4EEF7329-8CC5-4609-A3B2-A2C3E8E2051B}.DVD-5|x64.ActiveCfg = Debug|Any CPU
		{4EEF7329-8CC5-4609-A3B2-A2C3E8E2051B}.DVD-5|x86.ActiveCfg = Debug|Any CPU
		{4EEF7329-8CC5-4609-A3B2-A2C3E8E2051B}.Release|Any CPU.ActiveCfg = Release|Any CPU
		{4EEF7329-8CC5-4609-A3B2-A2C3E8E2051B}.Release|Any CPU.Build.0 = Release|Any CPU
		{4EEF7329-8CC5-4609-A3B2-A2C3E8E2051B}.Release|Mixed Platforms.ActiveCfg = Release|Any CPU
		{4EEF7329-8CC5-4609-A3B2-A2C3E8E2051B}.Release|Mixed Platforms.Build.0 = Release|Any CPU
		{4EEF7329-8CC5-4609-A3B2-A2C3E8E2051B}.Release|Win32.ActiveCfg = Release|Any CPU
		{4EEF7329-8CC5-4609-A3B2-A2C3E8E2051B}.Release|x64.ActiveCfg = Release|Any CPU
		{4EEF7329-8CC5-4609-A3B2-A2C3E8E2051B}.Release|x86.ActiveCfg = Release|Any CPU
		{4EEF7329-8CC5-4609-A3B2-A2C3E8E2051B}.SingleImage|Any CPU.ActiveCfg = Release|Any CPU
		{4EEF7329-8CC5-4609-A3B2-A2C3E8E2051B}.SingleImage|Any CPU.Build.0 = Release|Any CPU
		{4EEF7329-8CC5-4609-A3B2-A2C3E8E2051B}.SingleImage|Mixed Platforms.ActiveCfg = Release|Any CPU
		{4EEF7329-8CC5-4609-A3B2-A2C3E8E2051B}.SingleImage|Mixed Platforms.Build.0 = Release|Any CPU
		{4EEF7329-8CC5-4609-A3B2-A2C3E8E2051B}.SingleImage|Win32.ActiveCfg = Release|Any CPU
		{4EEF7329-8CC5-4609-A3B2-A2C3E8E2051B}.SingleImage|x64.ActiveCfg = Release|Any CPU
		{4EEF7329-8CC5-4609-A3B2-A2C3E8E2051B}.SingleImage|x86.ActiveCfg = Release|Any CPU
		{8975DF1D-A54B-4334-B0FE-BC339B886BEE}.CD_ROM|Any CPU.ActiveCfg = Release|Any CPU
		{8975DF1D-A54B-4334-B0FE-BC339B886BEE}.CD_ROM|Any CPU.Build.0 = Release|Any CPU
		{8975DF1D-A54B-4334-B0FE-BC339B886BEE}.CD_ROM|Mixed Platforms.ActiveCfg = Release|Any CPU
		{8975DF1D-A54B-4334-B0FE-BC339B886BEE}.CD_ROM|Mixed Platforms.Build.0 = Release|Any CPU
		{8975DF1D-A54B-4334-B0FE-BC339B886BEE}.CD_ROM|Win32.ActiveCfg = Release|Any CPU
		{8975DF1D-A54B-4334-B0FE-BC339B886BEE}.CD_ROM|x64.ActiveCfg = Release|Any CPU
		{8975DF1D-A54B-4334-B0FE-BC339B886BEE}.CD_ROM|x86.ActiveCfg = Release|Any CPU
		{8975DF1D-A54B-4334-B0FE-BC339B886BEE}.Debug|Any CPU.ActiveCfg = Debug|Any CPU
		{8975DF1D-A54B-4334-B0FE-BC339B886BEE}.Debug|Any CPU.Build.0 = Debug|Any CPU
		{8975DF1D-A54B-4334-B0FE-BC339B886BEE}.Debug|Mixed Platforms.ActiveCfg = Debug|Any CPU
		{8975DF1D-A54B-4334-B0FE-BC339B886BEE}.Debug|Mixed Platforms.Build.0 = Debug|Any CPU
		{8975DF1D-A54B-4334-B0FE-BC339B886BEE}.Debug|Win32.ActiveCfg = Debug|Any CPU
		{8975DF1D-A54B-4334-B0FE-BC339B886BEE}.Debug|x64.ActiveCfg = Debug|Any CPU
		{8975DF1D-A54B-4334-B0FE-BC339B886BEE}.Debug|x86.ActiveCfg = Debug|Any CPU
		{8975DF1D-A54B-4334-B0FE-BC339B886BEE}.DVD-5|Any CPU.ActiveCfg = Debug|Any CPU
		{8975DF1D-A54B-4334-B0FE-BC339B886BEE}.DVD-5|Any CPU.Build.0 = Debug|Any CPU
		{8975DF1D-A54B-4334-B0FE-BC339B886BEE}.DVD-5|Mixed Platforms.ActiveCfg = Debug|Any CPU
		{8975DF1D-A54B-4334-B0FE-BC339B886BEE}.DVD-5|Mixed Platforms.Build.0 = Debug|Any CPU
		{8975DF1D-A54B-4334-B0FE-BC339B886BEE}.DVD-5|Win32.ActiveCfg = Debug|Any CPU
		{8975DF1D-A54B-4334-B0FE-BC339B886BEE}.DVD-5|x64.ActiveCfg = Debug|Any CPU
		{8975DF1D-A54B-4334-B0FE-BC339B886BEE}.DVD-5|x86.ActiveCfg = Debug|Any CPU
		{8975DF1D-A54B-4334-B0FE-BC339B886BEE}.Release|Any CPU.ActiveCfg = Release|Any CPU
		{8975DF1D-A54B-4334-B0FE-BC339B886BEE}.Release|Any CPU.Build.0 = Release|Any CPU
		{8975DF1D-A54B-4334-B0FE-BC339B886BEE}.Release|Mixed Platforms.ActiveCfg = Release|Any CPU
		{8975DF1D-A54B-4334-B0FE-BC339B886BEE}.Release|Mixed Platforms.Build.0 = Release|Any CPU
		{8975DF1D-A54B-4334-B0FE-BC339B886BEE}.Release|Win32.ActiveCfg = Release|Any CPU
		{8975DF1D-A54B-4334-B0FE-BC339B886BEE}.Release|x64.ActiveCfg = Release|Any CPU
		{8975DF1D-A54B-4334-B0FE-BC339B886BEE}.Release|x86.ActiveCfg = Release|Any CPU
		{8975DF1D-A54B-4334-B0FE-BC339B886BEE}.SingleImage|Any CPU.ActiveCfg = Release|Any CPU
		{8975DF1D-A54B-4334-B0FE-BC339B886BEE}.SingleImage|Any CPU.Build.0 = Release|Any CPU
		{8975DF1D-A54B-4334-B0FE-BC339B886BEE}.SingleImage|Mixed Platforms.ActiveCfg = Release|Any CPU
		{8975DF1D-A54B-4334-B0FE-BC339B886BEE}.SingleImage|Mixed Platforms.Build.0 = Release|Any CPU
		{8975DF1D-A54B-4334-B0FE-BC339B886BEE}.SingleImage|Win32.ActiveCfg = Release|Any CPU
		{8975DF1D-A54B-4334-B0FE-BC339B886BEE}.SingleImage|x64.ActiveCfg = Release|Any CPU
		{8975DF1D-A54B-4334-B0FE-BC339B886BEE}.SingleImage|x86.ActiveCfg = Release|Any CPU
		{72B2E47D-FAC7-4523-B329-72A047D9D9BC}.CD_ROM|Any CPU.ActiveCfg = Release|Any CPU
		{72B2E47D-FAC7-4523-B329-72A047D9D9BC}.CD_ROM|Any CPU.Build.0 = Release|Any CPU
		{72B2E47D-FAC7-4523-B329-72A047D9D9BC}.CD_ROM|Mixed Platforms.ActiveCfg = Release|Any CPU
		{72B2E47D-FAC7-4523-B329-72A047D9D9BC}.CD_ROM|Mixed Platforms.Build.0 = Release|Any CPU
		{72B2E47D-FAC7-4523-B329-72A047D9D9BC}.CD_ROM|Win32.ActiveCfg = Release|Any CPU
		{72B2E47D-FAC7-4523-B329-72A047D9D9BC}.CD_ROM|x64.ActiveCfg = Release|Any CPU
		{72B2E47D-FAC7-4523-B329-72A047D9D9BC}.CD_ROM|x86.ActiveCfg = Release|Any CPU
		{72B2E47D-FAC7-4523-B329-72A047D9D9BC}.Debug|Any CPU.ActiveCfg = Debug|Any CPU
		{72B2E47D-FAC7-4523-B329-72A047D9D9BC}.Debug|Any CPU.Build.0 = Debug|Any CPU
		{72B2E47D-FAC7-4523-B329-72A047D9D9BC}.Debug|Mixed Platforms.ActiveCfg = Debug|Any CPU
		{72B2E47D-FAC7-4523-B329-72A047D9D9BC}.Debug|Mixed Platforms.Build.0 = Debug|Any CPU
		{72B2E47D-FAC7-4523-B329-72A047D9D9BC}.Debug|Win32.ActiveCfg = Debug|Any CPU
		{72B2E47D-FAC7-4523-B329-72A047D9D9BC}.Debug|x64.ActiveCfg = Debug|Any CPU
		{72B2E47D-FAC7-4523-B329-72A047D9D9BC}.Debug|x86.ActiveCfg = Debug|Any CPU
		{72B2E47D-FAC7-4523-B329-72A047D9D9BC}.DVD-5|Any CPU.ActiveCfg = Debug|Any CPU
		{72B2E47D-FAC7-4523-B329-72A047D9D9BC}.DVD-5|Any CPU.Build.0 = Debug|Any CPU
		{72B2E47D-FAC7-4523-B329-72A047D9D9BC}.DVD-5|Mixed Platforms.ActiveCfg = Debug|Any CPU
		{72B2E47D-FAC7-4523-B329-72A047D9D9BC}.DVD-5|Mixed Platforms.Build.0 = Debug|Any CPU
		{72B2E47D-FAC7-4523-B329-72A047D9D9BC}.DVD-5|Win32.ActiveCfg = Debug|Any CPU
		{72B2E47D-FAC7-4523-B329-72A047D9D9BC}.DVD-5|x64.ActiveCfg = Debug|Any CPU
		{72B2E47D-FAC7-4523-B329-72A047D9D9BC}.DVD-5|x86.ActiveCfg = Debug|Any CPU
		{72B2E47D-FAC7-4523-B329-72A047D9D9BC}.Release|Any CPU.ActiveCfg = Release|Any CPU
		{72B2E47D-FAC7-4523-B329-72A047D9D9BC}.Release|Any CPU.Build.0 = Release|Any CPU
		{72B2E47D-FAC7-4523-B329-72A047D9D9BC}.Release|Mixed Platforms.ActiveCfg = Release|Any CPU
		{72B2E47D-FAC7-4523-B329-72A047D9D9BC}.Release|Mixed Platforms.Build.0 = Release|Any CPU
		{72B2E47D-FAC7-4523-B329-72A047D9D9BC}.Release|Win32.ActiveCfg = Release|Any CPU
		{72B2E47D-FAC7-4523-B329-72A047D9D9BC}.Release|x64.ActiveCfg = Release|Any CPU
		{72B2E47D-FAC7-4523-B329-72A047D9D9BC}.Release|x86.ActiveCfg = Release|Any CPU
		{72B2E47D-FAC7-4523-B329-72A047D9D9BC}.SingleImage|Any CPU.ActiveCfg = Release|Any CPU
		{72B2E47D-FAC7-4523-B329-72A047D9D9BC}.SingleImage|Any CPU.Build.0 = Release|Any CPU
		{72B2E47D-FAC7-4523-B329-72A047D9D9BC}.SingleImage|Mixed Platforms.ActiveCfg = Release|Any CPU
		{72B2E47D-FAC7-4523-B329-72A047D9D9BC}.SingleImage|Mixed Platforms.Build.0 = Release|Any CPU
		{72B2E47D-FAC7-4523-B329-72A047D9D9BC}.SingleImage|Win32.ActiveCfg = Release|Any CPU
		{72B2E47D-FAC7-4523-B329-72A047D9D9BC}.SingleImage|x64.ActiveCfg = Release|Any CPU
		{72B2E47D-FAC7-4523-B329-72A047D9D9BC}.SingleImage|x86.ActiveCfg = Release|Any CPU
		{04FD2D10-326A-49A9-B87D-343FAC7FBF4D}.CD_ROM|Any CPU.ActiveCfg = Release|Any CPU
		{04FD2D10-326A-49A9-B87D-343FAC7FBF4D}.CD_ROM|Any CPU.Build.0 = Release|Any CPU
		{04FD2D10-326A-49A9-B87D-343FAC7FBF4D}.CD_ROM|Mixed Platforms.ActiveCfg = Release|Any CPU
		{04FD2D10-326A-49A9-B87D-343FAC7FBF4D}.CD_ROM|Mixed Platforms.Build.0 = Release|Any CPU
		{04FD2D10-326A-49A9-B87D-343FAC7FBF4D}.CD_ROM|Win32.ActiveCfg = Release|Any CPU
		{04FD2D10-326A-49A9-B87D-343FAC7FBF4D}.CD_ROM|x64.ActiveCfg = Release|Any CPU
		{04FD2D10-326A-49A9-B87D-343FAC7FBF4D}.CD_ROM|x86.ActiveCfg = Release|Any CPU
		{04FD2D10-326A-49A9-B87D-343FAC7FBF4D}.Debug|Any CPU.ActiveCfg = Debug|Any CPU
		{04FD2D10-326A-49A9-B87D-343FAC7FBF4D}.Debug|Any CPU.Build.0 = Debug|Any CPU
		{04FD2D10-326A-49A9-B87D-343FAC7FBF4D}.Debug|Mixed Platforms.ActiveCfg = Debug|Any CPU
		{04FD2D10-326A-49A9-B87D-343FAC7FBF4D}.Debug|Mixed Platforms.Build.0 = Debug|Any CPU
		{04FD2D10-326A-49A9-B87D-343FAC7FBF4D}.Debug|Win32.ActiveCfg = Debug|Any CPU
		{04FD2D10-326A-49A9-B87D-343FAC7FBF4D}.Debug|x64.ActiveCfg = Debug|Any CPU
		{04FD2D10-326A-49A9-B87D-343FAC7FBF4D}.Debug|x86.ActiveCfg = Debug|Any CPU
		{04FD2D10-326A-49A9-B87D-343FAC7FBF4D}.DVD-5|Any CPU.ActiveCfg = Debug|Any CPU
		{04FD2D10-326A-49A9-B87D-343FAC7FBF4D}.DVD-5|Any CPU.Build.0 = Debug|Any CPU
		{04FD2D10-326A-49A9-B87D-343FAC7FBF4D}.DVD-5|Mixed Platforms.ActiveCfg = Debug|Any CPU
		{04FD2D10-326A-49A9-B87D-343FAC7FBF4D}.DVD-5|Mixed Platforms.Build.0 = Debug|Any CPU
		{04FD2D10-326A-49A9-B87D-343FAC7FBF4D}.DVD-5|Win32.ActiveCfg = Debug|Any CPU
		{04FD2D10-326A-49A9-B87D-343FAC7FBF4D}.DVD-5|x64.ActiveCfg = Debug|Any CPU
		{04FD2D10-326A-49A9-B87D-343FAC7FBF4D}.DVD-5|x86.ActiveCfg = Debug|Any CPU
		{04FD2D10-326A-49A9-B87D-343FAC7FBF4D}.Release|Any CPU.ActiveCfg = Release|Any CPU
		{04FD2D10-326A-49A9-B87D-343FAC7FBF4D}.Release|Any CPU.Build.0 = Release|Any CPU
		{04FD2D10-326A-49A9-B87D-343FAC7FBF4D}.Release|Mixed Platforms.ActiveCfg = Release|Any CPU
		{04FD2D10-326A-49A9-B87D-343FAC7FBF4D}.Release|Mixed Platforms.Build.0 = Release|Any CPU
		{04FD2D10-326A-49A9-B87D-343FAC7FBF4D}.Release|Win32.ActiveCfg = Release|Any CPU
		{04FD2D10-326A-49A9-B87D-343FAC7FBF4D}.Release|x64.ActiveCfg = Release|Any CPU
		{04FD2D10-326A-49A9-B87D-343FAC7FBF4D}.Release|x86.ActiveCfg = Release|Any CPU
		{04FD2D10-326A-49A9-B87D-343FAC7FBF4D}.SingleImage|Any CPU.ActiveCfg = Release|Any CPU
		{04FD2D10-326A-49A9-B87D-343FAC7FBF4D}.SingleImage|Any CPU.Build.0 = Release|Any CPU
		{04FD2D10-326A-49A9-B87D-343FAC7FBF4D}.SingleImage|Mixed Platforms.ActiveCfg = Release|Any CPU
		{04FD2D10-326A-49A9-B87D-343FAC7FBF4D}.SingleImage|Mixed Platforms.Build.0 = Release|Any CPU
		{04FD2D10-326A-49A9-B87D-343FAC7FBF4D}.SingleImage|Win32.ActiveCfg = Release|Any CPU
		{04FD2D10-326A-49A9-B87D-343FAC7FBF4D}.SingleImage|x64.ActiveCfg = Release|Any CPU
		{04FD2D10-326A-49A9-B87D-343FAC7FBF4D}.SingleImage|x86.ActiveCfg = Release|Any CPU
		{0D640948-F11B-4339-944D-47F018035920}.CD_ROM|Any CPU.ActiveCfg = Release|Any CPU
		{0D640948-F11B-4339-944D-47F018035920}.CD_ROM|Any CPU.Build.0 = Release|Any CPU
		{0D640948-F11B-4339-944D-47F018035920}.CD_ROM|Mixed Platforms.ActiveCfg = Release|Any CPU
		{0D640948-F11B-4339-944D-47F018035920}.CD_ROM|Mixed Platforms.Build.0 = Release|Any CPU
		{0D640948-F11B-4339-944D-47F018035920}.CD_ROM|Win32.ActiveCfg = Release|Any CPU
		{0D640948-F11B-4339-944D-47F018035920}.CD_ROM|x64.ActiveCfg = Release|Any CPU
		{0D640948-F11B-4339-944D-47F018035920}.CD_ROM|x86.ActiveCfg = Release|Any CPU
		{0D640948-F11B-4339-944D-47F018035920}.Debug|Any CPU.ActiveCfg = Debug|Any CPU
		{0D640948-F11B-4339-944D-47F018035920}.Debug|Any CPU.Build.0 = Debug|Any CPU
		{0D640948-F11B-4339-944D-47F018035920}.Debug|Mixed Platforms.ActiveCfg = Debug|Any CPU
		{0D640948-F11B-4339-944D-47F018035920}.Debug|Mixed Platforms.Build.0 = Debug|Any CPU
		{0D640948-F11B-4339-944D-47F018035920}.Debug|Win32.ActiveCfg = Debug|Any CPU
		{0D640948-F11B-4339-944D-47F018035920}.Debug|x64.ActiveCfg = Debug|Any CPU
		{0D640948-F11B-4339-944D-47F018035920}.Debug|x86.ActiveCfg = Debug|Any CPU
		{0D640948-F11B-4339-944D-47F018035920}.DVD-5|Any CPU.ActiveCfg = Debug|Any CPU
		{0D640948-F11B-4339-944D-47F018035920}.DVD-5|Any CPU.Build.0 = Debug|Any CPU
		{0D640948-F11B-4339-944D-47F018035920}.DVD-5|Mixed Platforms.ActiveCfg = Debug|Any CPU
		{0D640948-F11B-4339-944D-47F018035920}.DVD-5|Mixed Platforms.Build.0 = Debug|Any CPU
		{0D640948-F11B-4339-944D-47F018035920}.DVD-5|Win32.ActiveCfg = Debug|Any CPU
		{0D640948-F11B-4339-944D-47F018035920}.DVD-5|x64.ActiveCfg = Debug|Any CPU
		{0D640948-F11B-4339-944D-47F018035920}.DVD-5|x86.ActiveCfg = Debug|Any CPU
		{0D640948-F11B-4339-944D-47F018035920}.Release|Any CPU.ActiveCfg = Release|Any CPU
		{0D640948-F11B-4339-944D-47F018035920}.Release|Any CPU.Build.0 = Release|Any CPU
		{0D640948-F11B-4339-944D-47F018035920}.Release|Mixed Platforms.ActiveCfg = Release|Any CPU
		{0D640948-F11B-4339-944D-47F018035920}.Release|Mixed Platforms.Build.0 = Release|Any CPU
		{0D640948-F11B-4339-944D-47F018035920}.Release|Win32.ActiveCfg = Release|Any CPU
		{0D640948-F11B-4339-944D-47F018035920}.Release|x64.ActiveCfg = Release|Any CPU
		{0D640948-F11B-4339-944D-47F018035920}.Release|x86.ActiveCfg = Release|Any CPU
		{0D640948-F11B-4339-944D-47F018035920}.SingleImage|Any CPU.ActiveCfg = Release|Any CPU
		{0D640948-F11B-4339-944D-47F018035920}.SingleImage|Any CPU.Build.0 = Release|Any CPU
		{0D640948-F11B-4339-944D-47F018035920}.SingleImage|Mixed Platforms.ActiveCfg = Release|Any CPU
		{0D640948-F11B-4339-944D-47F018035920}.SingleImage|Mixed Platforms.Build.0 = Release|Any CPU
		{0D640948-F11B-4339-944D-47F018035920}.SingleImage|Win32.ActiveCfg = Release|Any CPU
		{0D640948-F11B-4339-944D-47F018035920}.SingleImage|x64.ActiveCfg = Release|Any CPU
		{0D640948-F11B-4339-944D-47F018035920}.SingleImage|x86.ActiveCfg = Release|Any CPU
		{14FD2CA3-1E0B-4A73-B5DA-037679D11D22}.CD_ROM|Any CPU.ActiveCfg = Release|Any CPU
		{14FD2CA3-1E0B-4A73-B5DA-037679D11D22}.CD_ROM|Any CPU.Build.0 = Release|Any CPU
		{14FD2CA3-1E0B-4A73-B5DA-037679D11D22}.CD_ROM|Mixed Platforms.ActiveCfg = Release|Any CPU
		{14FD2CA3-1E0B-4A73-B5DA-037679D11D22}.CD_ROM|Mixed Platforms.Build.0 = Release|Any CPU
		{14FD2CA3-1E0B-4A73-B5DA-037679D11D22}.CD_ROM|Win32.ActiveCfg = Release|Any CPU
		{14FD2CA3-1E0B-4A73-B5DA-037679D11D22}.CD_ROM|x64.ActiveCfg = Release|Any CPU
		{14FD2CA3-1E0B-4A73-B5DA-037679D11D22}.CD_ROM|x86.ActiveCfg = Release|Any CPU
		{14FD2CA3-1E0B-4A73-B5DA-037679D11D22}.Debug|Any CPU.ActiveCfg = Debug|Any CPU
		{14FD2CA3-1E0B-4A73-B5DA-037679D11D22}.Debug|Any CPU.Build.0 = Debug|Any CPU
		{14FD2CA3-1E0B-4A73-B5DA-037679D11D22}.Debug|Mixed Platforms.ActiveCfg = Debug|Any CPU
		{14FD2CA3-1E0B-4A73-B5DA-037679D11D22}.Debug|Mixed Platforms.Build.0 = Debug|Any CPU
		{14FD2CA3-1E0B-4A73-B5DA-037679D11D22}.Debug|Win32.ActiveCfg = Debug|Any CPU
		{14FD2CA3-1E0B-4A73-B5DA-037679D11D22}.Debug|x64.ActiveCfg = Debug|Any CPU
		{14FD2CA3-1E0B-4A73-B5DA-037679D11D22}.Debug|x86.ActiveCfg = Debug|Any CPU
		{14FD2CA3-1E0B-4A73-B5DA-037679D11D22}.DVD-5|Any CPU.ActiveCfg = Debug|Any CPU
		{14FD2CA3-1E0B-4A73-B5DA-037679D11D22}.DVD-5|Any CPU.Build.0 = Debug|Any CPU
		{14FD2CA3-1E0B-4A73-B5DA-037679D11D22}.DVD-5|Mixed Platforms.ActiveCfg = Debug|Any CPU
		{14FD2CA3-1E0B-4A73-B5DA-037679D11D22}.DVD-5|Mixed Platforms.Build.0 = Debug|Any CPU
		{14FD2CA3-1E0B-4A73-B5DA-037679D11D22}.DVD-5|Win32.ActiveCfg = Debug|Any CPU
		{14FD2CA3-1E0B-4A73-B5DA-037679D11D22}.DVD-5|x64.ActiveCfg = Debug|Any CPU
		{14FD2CA3-1E0B-4A73-B5DA-037679D11D22}.DVD-5|x86.ActiveCfg = Debug|Any CPU
		{14FD2CA3-1E0B-4A73-B5DA-037679D11D22}.Release|Any CPU.ActiveCfg = Release|Any CPU
		{14FD2CA3-1E0B-4A73-B5DA-037679D11D22}.Release|Any CPU.Build.0 = Release|Any CPU
		{14FD2CA3-1E0B-4A73-B5DA-037679D11D22}.Release|Mixed Platforms.ActiveCfg = Release|Any CPU
		{14FD2CA3-1E0B-4A73-B5DA-037679D11D22}.Release|Mixed Platforms.Build.0 = Release|Any CPU
		{14FD2CA3-1E0B-4A73-B5DA-037679D11D22}.Release|Win32.ActiveCfg = Release|Any CPU
		{14FD2CA3-1E0B-4A73-B5DA-037679D11D22}.Release|x64.ActiveCfg = Release|Any CPU
		{14FD2CA3-1E0B-4A73-B5DA-037679D11D22}.Release|x86.ActiveCfg = Release|Any CPU
		{14FD2CA3-1E0B-4A73-B5DA-037679D11D22}.SingleImage|Any CPU.ActiveCfg = Release|Any CPU
		{14FD2CA3-1E0B-4A73-B5DA-037679D11D22}.SingleImage|Any CPU.Build.0 = Release|Any CPU
		{14FD2CA3-1E0B-4A73-B5DA-037679D11D22}.SingleImage|Mixed Platforms.ActiveCfg = Release|Any CPU
		{14FD2CA3-1E0B-4A73-B5DA-037679D11D22}.SingleImage|Mixed Platforms.Build.0 = Release|Any CPU
		{14FD2CA3-1E0B-4A73-B5DA-037679D11D22}.SingleImage|Win32.ActiveCfg = Release|Any CPU
		{14FD2CA3-1E0B-4A73-B5DA-037679D11D22}.SingleImage|x64.ActiveCfg = Release|Any CPU
		{14FD2CA3-1E0B-4A73-B5DA-037679D11D22}.SingleImage|x86.ActiveCfg = Release|Any CPU
		{13481931-02F5-4A64-AE35-08DF165265EF}.CD_ROM|Any CPU.ActiveCfg = Release|Any CPU
		{13481931-02F5-4A64-AE35-08DF165265EF}.CD_ROM|Any CPU.Build.0 = Release|Any CPU
		{13481931-02F5-4A64-AE35-08DF165265EF}.CD_ROM|Mixed Platforms.ActiveCfg = Release|Any CPU
		{13481931-02F5-4A64-AE35-08DF165265EF}.CD_ROM|Mixed Platforms.Build.0 = Release|Any CPU
		{13481931-02F5-4A64-AE35-08DF165265EF}.CD_ROM|Win32.ActiveCfg = Release|Any CPU
		{13481931-02F5-4A64-AE35-08DF165265EF}.CD_ROM|x64.ActiveCfg = Release|Any CPU
		{13481931-02F5-4A64-AE35-08DF165265EF}.CD_ROM|x86.ActiveCfg = Release|Any CPU
		{13481931-02F5-4A64-AE35-08DF165265EF}.Debug|Any CPU.ActiveCfg = Debug|Any CPU
		{13481931-02F5-4A64-AE35-08DF165265EF}.Debug|Any CPU.Build.0 = Debug|Any CPU
		{13481931-02F5-4A64-AE35-08DF165265EF}.Debug|Mixed Platforms.ActiveCfg = Debug|Any CPU
		{13481931-02F5-4A64-AE35-08DF165265EF}.Debug|Mixed Platforms.Build.0 = Debug|Any CPU
		{13481931-02F5-4A64-AE35-08DF165265EF}.Debug|Win32.ActiveCfg = Debug|Any CPU
		{13481931-02F5-4A64-AE35-08DF165265EF}.Debug|x64.ActiveCfg = Debug|Any CPU
		{13481931-02F5-4A64-AE35-08DF165265EF}.Debug|x86.ActiveCfg = Debug|Any CPU
		{13481931-02F5-4A64-AE35-08DF165265EF}.DVD-5|Any CPU.ActiveCfg = Debug|Any CPU
		{13481931-02F5-4A64-AE35-08DF165265EF}.DVD-5|Any CPU.Build.0 = Debug|Any CPU
		{13481931-02F5-4A64-AE35-08DF165265EF}.DVD-5|Mixed Platforms.ActiveCfg = Debug|Any CPU
		{13481931-02F5-4A64-AE35-08DF165265EF}.DVD-5|Mixed Platforms.Build.0 = Debug|Any CPU
		{13481931-02F5-4A64-AE35-08DF165265EF}.DVD-5|Win32.ActiveCfg = Debug|Any CPU
		{13481931-02F5-4A64-AE35-08DF165265EF}.DVD-5|x64.ActiveCfg = Debug|Any CPU
		{13481931-02F5-4A64-AE35-08DF165265EF}.DVD-5|x86.ActiveCfg = Debug|Any CPU
		{13481931-02F5-4A64-AE35-08DF165265EF}.Release|Any CPU.ActiveCfg = Release|Any CPU
		{13481931-02F5-4A64-AE35-08DF165265EF}.Release|Any CPU.Build.0 = Release|Any CPU
		{13481931-02F5-4A64-AE35-08DF165265EF}.Release|Mixed Platforms.ActiveCfg = Release|Any CPU
		{13481931-02F5-4A64-AE35-08DF165265EF}.Release|Mixed Platforms.Build.0 = Release|Any CPU
		{13481931-02F5-4A64-AE35-08DF165265EF}.Release|Win32.ActiveCfg = Release|Any CPU
		{13481931-02F5-4A64-AE35-08DF165265EF}.Release|x64.ActiveCfg = Release|Any CPU
		{13481931-02F5-4A64-AE35-08DF165265EF}.Release|x86.ActiveCfg = Release|Any CPU
		{13481931-02F5-4A64-AE35-08DF165265EF}.SingleImage|Any CPU.ActiveCfg = Release|Any CPU
		{13481931-02F5-4A64-AE35-08DF165265EF}.SingleImage|Any CPU.Build.0 = Release|Any CPU
		{13481931-02F5-4A64-AE35-08DF165265EF}.SingleImage|Mixed Platforms.ActiveCfg = Release|Any CPU
		{13481931-02F5-4A64-AE35-08DF165265EF}.SingleImage|Mixed Platforms.Build.0 = Release|Any CPU
		{13481931-02F5-4A64-AE35-08DF165265EF}.SingleImage|Win32.ActiveCfg = Release|Any CPU
		{13481931-02F5-4A64-AE35-08DF165265EF}.SingleImage|x64.ActiveCfg = Release|Any CPU
		{13481931-02F5-4A64-AE35-08DF165265EF}.SingleImage|x86.ActiveCfg = Release|Any CPU
		{BEA875B8-E28A-49C5-8E7E-6512DA65F7E1}.CD_ROM|Any CPU.ActiveCfg = Release|Any CPU
		{BEA875B8-E28A-49C5-8E7E-6512DA65F7E1}.CD_ROM|Any CPU.Build.0 = Release|Any CPU
		{BEA875B8-E28A-49C5-8E7E-6512DA65F7E1}.CD_ROM|Mixed Platforms.ActiveCfg = Release|Any CPU
		{BEA875B8-E28A-49C5-8E7E-6512DA65F7E1}.CD_ROM|Mixed Platforms.Build.0 = Release|Any CPU
		{BEA875B8-E28A-49C5-8E7E-6512DA65F7E1}.CD_ROM|Win32.ActiveCfg = Release|Any CPU
		{BEA875B8-E28A-49C5-8E7E-6512DA65F7E1}.CD_ROM|x64.ActiveCfg = Release|Any CPU
		{BEA875B8-E28A-49C5-8E7E-6512DA65F7E1}.CD_ROM|x86.ActiveCfg = Release|Any CPU
		{BEA875B8-E28A-49C5-8E7E-6512DA65F7E1}.Debug|Any CPU.ActiveCfg = Debug|Any CPU
		{BEA875B8-E28A-49C5-8E7E-6512DA65F7E1}.Debug|Any CPU.Build.0 = Debug|Any CPU
		{BEA875B8-E28A-49C5-8E7E-6512DA65F7E1}.Debug|Mixed Platforms.ActiveCfg = Debug|Any CPU
		{BEA875B8-E28A-49C5-8E7E-6512DA65F7E1}.Debug|Mixed Platforms.Build.0 = Debug|Any CPU
		{BEA875B8-E28A-49C5-8E7E-6512DA65F7E1}.Debug|Win32.ActiveCfg = Debug|Any CPU
		{BEA875B8-E28A-49C5-8E7E-6512DA65F7E1}.Debug|x64.ActiveCfg = Debug|Any CPU
		{BEA875B8-E28A-49C5-8E7E-6512DA65F7E1}.Debug|x86.ActiveCfg = Debug|Any CPU
		{BEA875B8-E28A-49C5-8E7E-6512DA65F7E1}.DVD-5|Any CPU.ActiveCfg = Debug|Any CPU
		{BEA875B8-E28A-49C5-8E7E-6512DA65F7E1}.DVD-5|Any CPU.Build.0 = Debug|Any CPU
		{BEA875B8-E28A-49C5-8E7E-6512DA65F7E1}.DVD-5|Mixed Platforms.ActiveCfg = Debug|Any CPU
		{BEA875B8-E28A-49C5-8E7E-6512DA65F7E1}.DVD-5|Mixed Platforms.Build.0 = Debug|Any CPU
		{BEA875B8-E28A-49C5-8E7E-6512DA65F7E1}.DVD-5|Win32.ActiveCfg = Debug|Any CPU
		{BEA875B8-E28A-49C5-8E7E-6512DA65F7E1}.DVD-5|x64.ActiveCfg = Debug|Any CPU
		{BEA875B8-E28A-49C5-8E7E-6512DA65F7E1}.DVD-5|x86.ActiveCfg = Debug|Any CPU
		{BEA875B8-E28A-49C5-8E7E-6512DA65F7E1}.Release|Any CPU.ActiveCfg = Release|Any CPU
		{BEA875B8-E28A-49C5-8E7E-6512DA65F7E1}.Release|Any CPU.Build.0 = Release|Any CPU
		{BEA875B8-E28A-49C5-8E7E-6512DA65F7E1}.Release|Mixed Platforms.ActiveCfg = Release|Any CPU
		{BEA875B8-E28A-49C5-8E7E-6512DA65F7E1}.Release|Mixed Platforms.Build.0 = Release|Any CPU
		{BEA875B8-E28A-49C5-8E7E-6512DA65F7E1}.Release|Win32.ActiveCfg = Release|Any CPU
		{BEA875B8-E28A-49C5-8E7E-6512DA65F7E1}.Release|x64.ActiveCfg = Release|Any CPU
		{BEA875B8-E28A-49C5-8E7E-6512DA65F7E1}.Release|x86.ActiveCfg = Release|Any CPU
		{BEA875B8-E28A-49C5-8E7E-6512DA65F7E1}.SingleImage|Any CPU.ActiveCfg = Release|Any CPU
		{BEA875B8-E28A-49C5-8E7E-6512DA65F7E1}.SingleImage|Any CPU.Build.0 = Release|Any CPU
		{BEA875B8-E28A-49C5-8E7E-6512DA65F7E1}.SingleImage|Mixed Platforms.ActiveCfg = Release|Any CPU
		{BEA875B8-E28A-49C5-8E7E-6512DA65F7E1}.SingleImage|Mixed Platforms.Build.0 = Release|Any CPU
		{BEA875B8-E28A-49C5-8E7E-6512DA65F7E1}.SingleImage|Win32.ActiveCfg = Release|Any CPU
		{BEA875B8-E28A-49C5-8E7E-6512DA65F7E1}.SingleImage|x64.ActiveCfg = Release|Any CPU
		{BEA875B8-E28A-49C5-8E7E-6512DA65F7E1}.SingleImage|x86.ActiveCfg = Release|Any CPU
		{A9FC209C-C729-4339-B6AE-29E6A79A466D}.CD_ROM|Any CPU.ActiveCfg = Release|Any CPU
		{A9FC209C-C729-4339-B6AE-29E6A79A466D}.CD_ROM|Any CPU.Build.0 = Release|Any CPU
		{A9FC209C-C729-4339-B6AE-29E6A79A466D}.CD_ROM|Mixed Platforms.ActiveCfg = Release|Any CPU
		{A9FC209C-C729-4339-B6AE-29E6A79A466D}.CD_ROM|Mixed Platforms.Build.0 = Release|Any CPU
		{A9FC209C-C729-4339-B6AE-29E6A79A466D}.CD_ROM|Win32.ActiveCfg = Release|Any CPU
		{A9FC209C-C729-4339-B6AE-29E6A79A466D}.CD_ROM|x64.ActiveCfg = Release|Any CPU
		{A9FC209C-C729-4339-B6AE-29E6A79A466D}.CD_ROM|x86.ActiveCfg = Release|Any CPU
		{A9FC209C-C729-4339-B6AE-29E6A79A466D}.Debug|Any CPU.ActiveCfg = Debug|Any CPU
		{A9FC209C-C729-4339-B6AE-29E6A79A466D}.Debug|Any CPU.Build.0 = Debug|Any CPU
		{A9FC209C-C729-4339-B6AE-29E6A79A466D}.Debug|Mixed Platforms.ActiveCfg = Debug|Any CPU
		{A9FC209C-C729-4339-B6AE-29E6A79A466D}.Debug|Mixed Platforms.Build.0 = Debug|Any CPU
		{A9FC209C-C729-4339-B6AE-29E6A79A466D}.Debug|Win32.ActiveCfg = Debug|Any CPU
		{A9FC209C-C729-4339-B6AE-29E6A79A466D}.Debug|x64.ActiveCfg = Debug|Any CPU
		{A9FC209C-C729-4339-B6AE-29E6A79A466D}.Debug|x86.ActiveCfg = Debug|Any CPU
		{A9FC209C-C729-4339-B6AE-29E6A79A466D}.DVD-5|Any CPU.ActiveCfg = Debug|Any CPU
		{A9FC209C-C729-4339-B6AE-29E6A79A466D}.DVD-5|Any CPU.Build.0 = Debug|Any CPU
		{A9FC209C-C729-4339-B6AE-29E6A79A466D}.DVD-5|Mixed Platforms.ActiveCfg = Debug|Any CPU
		{A9FC209C-C729-4339-B6AE-29E6A79A466D}.DVD-5|Mixed Platforms.Build.0 = Debug|Any CPU
		{A9FC209C-C729-4339-B6AE-29E6A79A466D}.DVD-5|Win32.ActiveCfg = Debug|Any CPU
		{A9FC209C-C729-4339-B6AE-29E6A79A466D}.DVD-5|x64.ActiveCfg = Debug|Any CPU
		{A9FC209C-C729-4339-B6AE-29E6A79A466D}.DVD-5|x86.ActiveCfg = Debug|Any CPU
		{A9FC209C-C729-4339-B6AE-29E6A79A466D}.Release|Any CPU.ActiveCfg = Release|Any CPU
		{A9FC209C-C729-4339-B6AE-29E6A79A466D}.Release|Any CPU.Build.0 = Release|Any CPU
		{A9FC209C-C729-4339-B6AE-29E6A79A466D}.Release|Mixed Platforms.ActiveCfg = Release|Any CPU
		{A9FC209C-C729-4339-B6AE-29E6A79A466D}.Release|Mixed Platforms.Build.0 = Release|Any CPU
		{A9FC209C-C729-4339-B6AE-29E6A79A466D}.Release|Win32.ActiveCfg = Release|Any CPU
		{A9FC209C-C729-4339-B6AE-29E6A79A466D}.Release|x64.ActiveCfg = Release|Any CPU
		{A9FC209C-C729-4339-B6AE-29E6A79A466D}.Release|x86.ActiveCfg = Release|Any CPU
		{A9FC209C-C729-4339-B6AE-29E6A79A466D}.SingleImage|Any CPU.ActiveCfg = Release|Any CPU
		{A9FC209C-C729-4339-B6AE-29E6A79A466D}.SingleImage|Any CPU.Build.0 = Release|Any CPU
		{A9FC209C-C729-4339-B6AE-29E6A79A466D}.SingleImage|Mixed Platforms.ActiveCfg = Release|Any CPU
		{A9FC209C-C729-4339-B6AE-29E6A79A466D}.SingleImage|Mixed Platforms.Build.0 = Release|Any CPU
		{A9FC209C-C729-4339-B6AE-29E6A79A466D}.SingleImage|Win32.ActiveCfg = Release|Any CPU
		{A9FC209C-C729-4339-B6AE-29E6A79A466D}.SingleImage|x64.ActiveCfg = Release|Any CPU
		{A9FC209C-C729-4339-B6AE-29E6A79A466D}.SingleImage|x86.ActiveCfg = Release|Any CPU
	EndGlobalSection
	GlobalSection(SolutionProperties) = preSolution
		HideSolutionNode = FALSE
	EndGlobalSection
	GlobalSection(NestedProjects) = preSolution
		{99269364-B62A-439E-BCB5-4DEAB7CA5FF3} = {3887508C-B3BB-42AA-B764-F418E6724248}
	EndGlobalSection
EndGlobal
